
Microsoft Visual Studio Solution File, Format Version 12.00
# Visual Studio Version 17
VisualStudioVersion = 17.4.33205.214
MinimumVisualStudioVersion = 10.0.40219.1
Project("{9A19103F-16F7-4668-BE54-9A1E7A4F7556}") = "MvcMovie", "MvcMovie\MvcMovie.csproj", "{ECA2EFE6-50BB-451D-A64A-F55EF9AF7EA2}"
EndProject
Project("{9A19103F-16F7-4668-BE54-9A1E7A4F7556}") = "MvcMovie.Domain", "MvcMovie.Domain\MvcMovie.Domain.csproj", "{C30731B4-B0AF-470A-9D5F-DDA57DECC87E}"
EndProject
Global
	GlobalSection(SolutionConfigurationPlatforms) = preSolution
		Debug|Any CPU = Debug|Any CPU
		Release|Any CPU = Release|Any CPU
	EndGlobalSection
	GlobalSection(ProjectConfigurationPlatforms) = postSolution
		{ECA2EFE6-50BB-451D-A64A-F55EF9AF7EA2}.Debug|Any CPU.ActiveCfg = Debug|Any CPU
		{ECA2EFE6-50BB-451D-A64A-F55EF9AF7EA2}.Debug|Any CPU.Build.0 = Debug|Any CPU
		{ECA2EFE6-50BB-451D-A64A-F55EF9AF7EA2}.Release|Any CPU.ActiveCfg = Release|Any CPU
		{ECA2EFE6-50BB-451D-A64A-F55EF9AF7EA2}.Release|Any CPU.Build.0 = Release|Any CPU
		{C30731B4-B0AF-470A-9D5F-DDA57DECC87E}.Debug|Any CPU.ActiveCfg = Debug|Any CPU
		{C30731B4-B0AF-470A-9D5F-DDA57DECC87E}.Debug|Any CPU.Build.0 = Debug|Any CPU
		{C30731B4-B0AF-470A-9D5F-DDA57DECC87E}.Release|Any CPU.ActiveCfg = Release|Any CPU
		{C30731B4-B0AF-470A-9D5F-DDA57DECC87E}.Release|Any CPU.Build.0 = Release|Any CPU
	EndGlobalSection
	GlobalSection(SolutionProperties) = preSolution
		HideSolutionNode = FALSE
	EndGlobalSection
	GlobalSection(ExtensibilityGlobals) = postSolution
		SolutionGuid = {922AD60D-B404-43BA-B37C-A9ACBE2F7E25}
	EndGlobalSection
EndGlobal
